
Microsoft Visual Studio Solution File, Format Version 12.00
# Visual Studio 2015
Project("{FAE04EC0-301F-11D3-BF4B-00C04F79EFBC}") = "Project-Dodo.CSharp", "Project-Dodo.CSharp.csproj", "{E0849D40-CE97-DC4A-706C-4600DB48B96F}"
EndProject
Project("{FAE04EC0-301F-11D3-BF4B-00C04F79EFBC}") = "Project-Dodo.CSharp.Editor", "Project-Dodo.CSharp.Editor.csproj", "{DC054F08-7D3B-CFB4-4BC7-259916E86110}"
EndProject
Global
	GlobalSection(SolutionConfigurationPlatforms) = preSolution
		Debug|Any CPU = Debug|Any CPU
		Release|Any CPU = Release|Any CPU
	EndGlobalSection
	GlobalSection(ProjectConfigurationPlatforms) = postSolution
		{E0849D40-CE97-DC4A-706C-4600DB48B96F}.Debug|Any CPU.ActiveCfg = Debug|Any CPU
		{E0849D40-CE97-DC4A-706C-4600DB48B96F}.Debug|Any CPU.Build.0 = Debug|Any CPU
		{E0849D40-CE97-DC4A-706C-4600DB48B96F}.Release|Any CPU.ActiveCfg = Release|Any CPU
		{E0849D40-CE97-DC4A-706C-4600DB48B96F}.Release|Any CPU.Build.0 = Release|Any CPU
		{DC054F08-7D3B-CFB4-4BC7-259916E86110}.Debug|Any CPU.ActiveCfg = Debug|Any CPU
		{DC054F08-7D3B-CFB4-4BC7-259916E86110}.Debug|Any CPU.Build.0 = Debug|Any CPU
		{DC054F08-7D3B-CFB4-4BC7-259916E86110}.Release|Any CPU.ActiveCfg = Release|Any CPU
		{DC054F08-7D3B-CFB4-4BC7-259916E86110}.Release|Any CPU.Build.0 = Release|Any CPU
	EndGlobalSection
	GlobalSection(SolutionProperties) = preSolution
		HideSolutionNode = FALSE
	EndGlobalSection
EndGlobal
